// !$*UTF8*$!
{
	archiveVersion = 1;
	classes = {
	};
	objectVersion = 55;
	objects = {

/* Begin PBXBuildFile section */
		B70F0D9629357CB200F47155 /* AppDelegate.swift in Sources */ = {isa = PBXBuildFile; fileRef = B70F0D9529357CB200F47155 /* AppDelegate.swift */; };
		B70F0D9829357CB200F47155 /* ViewController.swift in Sources */ = {isa = PBXBuildFile; fileRef = B70F0D9729357CB200F47155 /* ViewController.swift */; };
		B70F0D9A29357CB700F47155 /* Assets.xcassets in Resources */ = {isa = PBXBuildFile; fileRef = B70F0D9929357CB700F47155 /* Assets.xcassets */; };
		B70F0D9D29357CB700F47155 /* Main.storyboard in Resources */ = {isa = PBXBuildFile; fileRef = B70F0D9B29357CB700F47155 /* Main.storyboard */; };
		B70F0DA729357D6500F47155 /* AuditCore in Frameworks */ = {isa = PBXBuildFile; productRef = B70F0DA629357D6500F47155 /* AuditCore */; };
		B70F0DA92935951D00F47155 /* libEndpointSecurity.tbd in Frameworks */ = {isa = PBXBuildFile; fileRef = B70F0DA8293594ED00F47155 /* libEndpointSecurity.tbd */; };
		B70F0DAD2936236900F47155 /* Array+Extensions.swift in Sources */ = {isa = PBXBuildFile; fileRef = B70F0DAC2936236900F47155 /* Array+Extensions.swift */; };
		B70F0DAF2936293A00F47155 /* libbsm.tbd in Frameworks */ = {isa = PBXBuildFile; fileRef = B70F0DAE2936292F00F47155 /* libbsm.tbd */; };
/* End PBXBuildFile section */

/* Begin PBXFileReference section */
		B70F0D9229357CB200F47155 /* FileAuditSystem.app */ = {isa = PBXFileReference; explicitFileType = wrapper.application; includeInIndex = 0; path = FileAuditSystem.app; sourceTree = BUILT_PRODUCTS_DIR; };
		B70F0D9529357CB200F47155 /* AppDelegate.swift */ = {isa = PBXFileReference; lastKnownFileType = sourcecode.swift; path = AppDelegate.swift; sourceTree = "<group>"; };
		B70F0D9729357CB200F47155 /* ViewController.swift */ = {isa = PBXFileReference; lastKnownFileType = sourcecode.swift; path = ViewController.swift; sourceTree = "<group>"; };
		B70F0D9929357CB700F47155 /* Assets.xcassets */ = {isa = PBXFileReference; lastKnownFileType = folder.assetcatalog; path = Assets.xcassets; sourceTree = "<group>"; };
		B70F0D9C29357CB700F47155 /* Base */ = {isa = PBXFileReference; lastKnownFileType = file.storyboard; name = Base; path = Base.lproj/Main.storyboard; sourceTree = "<group>"; };
		B70F0D9E29357CB700F47155 /* FileAuditSystem.entitlements */ = {isa = PBXFileReference; lastKnownFileType = text.plist.entitlements; path = FileAuditSystem.entitlements; sourceTree = "<group>"; };
		B70F0DA429357D0C00F47155 /* AuditCore */ = {isa = PBXFileReference; lastKnownFileType = wrapper; path = AuditCore; sourceTree = "<group>"; };
		B70F0DA8293594ED00F47155 /* libEndpointSecurity.tbd */ = {isa = PBXFileReference; lastKnownFileType = "sourcecode.text-based-dylib-definition"; name = libEndpointSecurity.tbd; path = usr/lib/libEndpointSecurity.tbd; sourceTree = SDKROOT; };
		B70F0DAA2935965500F47155 /* README.md */ = {isa = PBXFileReference; lastKnownFileType = net.daringfireball.markdown; path = README.md; sourceTree = "<group>"; };
		B70F0DAC2936236900F47155 /* Array+Extensions.swift */ = {isa = PBXFileReference; lastKnownFileType = sourcecode.swift; path = "Array+Extensions.swift"; sourceTree = "<group>"; };
		B70F0DAE2936292F00F47155 /* libbsm.tbd */ = {isa = PBXFileReference; lastKnownFileType = "sourcecode.text-based-dylib-definition"; name = libbsm.tbd; path = usr/lib/libbsm.tbd; sourceTree = SDKROOT; };
/* End PBXFileReference section */

/* Begin PBXFrameworksBuildPhase section */
		B70F0D8F29357CB200F47155 /* Frameworks */ = {
			isa = PBXFrameworksBuildPhase;
			buildActionMask = 2147483647;
			files = (
				B70F0DAF2936293A00F47155 /* libbsm.tbd in Frameworks */,
				B70F0DA729357D6500F47155 /* AuditCore in Frameworks */,
				B70F0DA92935951D00F47155 /* libEndpointSecurity.tbd in Frameworks */,
			);
			runOnlyForDeploymentPostprocessing = 0;
		};
/* End PBXFrameworksBuildPhase section */

/* Begin PBXGroup section */
		B70F0D8929357CB200F47155 = {
			isa = PBXGroup;
			children = (
				B70F0DAA2935965500F47155 /* README.md */,
				B70F0DA429357D0C00F47155 /* AuditCore */,
				B70F0D9429357CB200F47155 /* FileAuditSystem */,
				B70F0D9329357CB200F47155 /* Products */,
				B70F0DA529357D6500F47155 /* Frameworks */,
			);
			sourceTree = "<group>";
		};
		B70F0D9329357CB200F47155 /* Products */ = {
			isa = PBXGroup;
			children = (
				B70F0D9229357CB200F47155 /* FileAuditSystem.app */,
			);
			name = Products;
			sourceTree = "<group>";
		};
		B70F0D9429357CB200F47155 /* FileAuditSystem */ = {
			isa = PBXGroup;
			children = (
				B70F0DAB2936235700F47155 /* Extensions */,
				B70F0D9529357CB200F47155 /* AppDelegate.swift */,
				B70F0D9729357CB200F47155 /* ViewController.swift */,
				B70F0D9929357CB700F47155 /* Assets.xcassets */,
				B70F0D9B29357CB700F47155 /* Main.storyboard */,
				B70F0D9E29357CB700F47155 /* FileAuditSystem.entitlements */,
			);
			path = FileAuditSystem;
			sourceTree = "<group>";
		};
		B70F0DA529357D6500F47155 /* Frameworks */ = {
			isa = PBXGroup;
			children = (
				B70F0DAE2936292F00F47155 /* libbsm.tbd */,
				B70F0DA8293594ED00F47155 /* libEndpointSecurity.tbd */,
			);
			name = Frameworks;
			sourceTree = "<group>";
		};
		B70F0DAB2936235700F47155 /* Extensions */ = {
			isa = PBXGroup;
			children = (
				B70F0DAC2936236900F47155 /* Array+Extensions.swift */,
			);
			path = Extensions;
			sourceTree = "<group>";
		};
/* End PBXGroup section */

/* Begin PBXNativeTarget section */
		B70F0D9129357CB200F47155 /* FileAuditSystem */ = {
			isa = PBXNativeTarget;
			buildConfigurationList = B70F0DA129357CB700F47155 /* Build configuration list for PBXNativeTarget "FileAuditSystem" */;
			buildPhases = (
				B70F0D8E29357CB200F47155 /* Sources */,
				B70F0D8F29357CB200F47155 /* Frameworks */,
				B70F0D9029357CB200F47155 /* Resources */,
			);
			buildRules = (
			);
			dependencies = (
			);
			name = FileAuditSystem;
			packageProductDependencies = (
				B70F0DA629357D6500F47155 /* AuditCore */,
			);
			productName = FileAuditSystem;
			productReference = B70F0D9229357CB200F47155 /* FileAuditSystem.app */;
			productType = "com.apple.product-type.application";
		};
/* End PBXNativeTarget section */

/* Begin PBXProject section */
		B70F0D8A29357CB200F47155 /* Project object */ = {
			isa = PBXProject;
			attributes = {
				BuildIndependentTargetsInParallel = 1;
				LastSwiftUpdateCheck = 1320;
				LastUpgradeCheck = 1320;
				TargetAttributes = {
					B70F0D9129357CB200F47155 = {
						CreatedOnToolsVersion = 13.2.1;
					};
				};
			};
			buildConfigurationList = B70F0D8D29357CB200F47155 /* Build configuration list for PBXProject "FileAuditSystem" */;
			compatibilityVersion = "Xcode 13.0";
			developmentRegion = en;
			hasScannedForEncodings = 0;
			knownRegions = (
				en,
				Base,
			);
			mainGroup = B70F0D8929357CB200F47155;
			productRefGroup = B70F0D9329357CB200F47155 /* Products */;
			projectDirPath = "";
			projectRoot = "";
			targets = (
				B70F0D9129357CB200F47155 /* FileAuditSystem */,
			);
		};
/* End PBXProject section */

/* Begin PBXResourcesBuildPhase section */
		B70F0D9029357CB200F47155 /* Resources */ = {
			isa = PBXResourcesBuildPhase;
			buildActionMask = 2147483647;
			files = (
				B70F0D9A29357CB700F47155 /* Assets.xcassets in Resources */,
				B70F0D9D29357CB700F47155 /* Main.storyboard in Resources */,
			);
			runOnlyForDeploymentPostprocessing = 0;
		};
/* End PBXResourcesBuildPhase section */

/* Begin PBXSourcesBuildPhase section */
		B70F0D8E29357CB200F47155 /* Sources */ = {
			isa = PBXSourcesBuildPhase;
			buildActionMask = 2147483647;
			files = (
				B70F0D9829357CB200F47155 /* ViewController.swift in Sources */,
				B70F0DAD2936236900F47155 /* Array+Extensions.swift in Sources */,
				B70F0D9629357CB200F47155 /* AppDelegate.swift in Sources */,
			);
			runOnlyForDeploymentPostprocessing = 0;
		};
/* End PBXSourcesBuildPhase section */

/* Begin PBXVariantGroup section */
		B70F0D9B29357CB700F47155 /* Main.storyboard */ = {
			isa = PBXVariantGroup;
			children = (
				B70F0D9C29357CB700F47155 /* Base */,
			);
			name = Main.storyboard;
			sourceTree = "<group>";
		};
/* End PBXVariantGroup section */

/* Begin XCBuildConfiguration section */
		B70F0D9F29357CB700F47155 /* Debug */ = {
			isa = XCBuildConfiguration;
			buildSettings = {
				ALWAYS_SEARCH_USER_PATHS = NO;
				CLANG_ANALYZER_NONNULL = YES;
				CLANG_ANALYZER_NUMBER_OBJECT_CONVERSION = YES_AGGRESSIVE;
				CLANG_CXX_LANGUAGE_STANDARD = "gnu++17";
				CLANG_CXX_LIBRARY = "libc++";
				CLANG_ENABLE_MODULES = YES;
				CLANG_ENABLE_OBJC_ARC = YES;
				CLANG_ENABLE_OBJC_WEAK = YES;
				CLANG_WARN_BLOCK_CAPTURE_AUTORELEASING = YES;
				CLANG_WARN_BOOL_CONVERSION = YES;
				CLANG_WARN_COMMA = YES;
				CLANG_WARN_CONSTANT_CONVERSION = YES;
				CLANG_WARN_DEPRECATED_OBJC_IMPLEMENTATIONS = YES;
				CLANG_WARN_DIRECT_OBJC_ISA_USAGE = YES_ERROR;
				CLANG_WARN_DOCUMENTATION_COMMENTS = YES;
				CLANG_WARN_EMPTY_BODY = YES;
				CLANG_WARN_ENUM_CONVERSION = YES;
				CLANG_WARN_INFINITE_RECURSION = YES;
				CLANG_WARN_INT_CONVERSION = YES;
				CLANG_WARN_NON_LITERAL_NULL_CONVERSION = YES;
				CLANG_WARN_OBJC_IMPLICIT_RETAIN_SELF = YES;
				CLANG_WARN_OBJC_LITERAL_CONVERSION = YES;
				CLANG_WARN_OBJC_ROOT_CLASS = YES_ERROR;
				CLANG_WARN_QUOTED_INCLUDE_IN_FRAMEWORK_HEADER = YES;
				CLANG_WARN_RANGE_LOOP_ANALYSIS = YES;
				CLANG_WARN_STRICT_PROTOTYPES = YES;
				CLANG_WARN_SUSPICIOUS_MOVE = YES;
				CLANG_WARN_UNGUARDED_AVAILABILITY = YES_AGGRESSIVE;
				CLANG_WARN_UNREACHABLE_CODE = YES;
				CLANG_WARN__DUPLICATE_METHOD_MATCH = YES;
				COPY_PHASE_STRIP = NO;
				DEBUG_INFORMATION_FORMAT = dwarf;
				ENABLE_STRICT_OBJC_MSGSEND = YES;
				ENABLE_TESTABILITY = YES;
				GCC_C_LANGUAGE_STANDARD = gnu11;
				GCC_DYNAMIC_NO_PIC = NO;
				GCC_NO_COMMON_BLOCKS = YES;
				GCC_OPTIMIZATION_LEVEL = 0;
				GCC_PREPROCESSOR_DEFINITIONS = (
					"DEBUG=1",
					"$(inherited)",
				);
				GCC_WARN_64_TO_32_BIT_CONVERSION = YES;
				GCC_WARN_ABOUT_RETURN_TYPE = YES_ERROR;
				GCC_WARN_UNDECLARED_SELECTOR = YES;
				GCC_WARN_UNINITIALIZED_AUTOS = YES_AGGRESSIVE;
				GCC_WARN_UNUSED_FUNCTION = YES;
				GCC_WARN_UNUSED_VARIABLE = YES;
				MACOSX_DEPLOYMENT_TARGET = 10.15;
				MTL_ENABLE_DEBUG_INFO = INCLUDE_SOURCE;
				MTL_FAST_MATH = YES;
				ONLY_ACTIVE_ARCH = YES;
				SDKROOT = macosx;
				SWIFT_ACTIVE_COMPILATION_CONDITIONS = DEBUG;
				SWIFT_OPTIMIZATION_LEVEL = "-Onone";
			};
			name = Debug;
		};
		B70F0DA029357CB700F47155 /* Release */ = {
			isa = XCBuildConfiguration;
			buildSettings = {
				ALWAYS_SEARCH_USER_PATHS = NO;
				CLANG_ANALYZER_NONNULL = YES;
				CLANG_ANALYZER_NUMBER_OBJECT_CONVERSION = YES_AGGRESSIVE;
				CLANG_CXX_LANGUAGE_STANDARD = "gnu++17";
				CLANG_CXX_LIBRARY = "libc++";
				CLANG_ENABLE_MODULES = YES;
				CLANG_ENABLE_OBJC_ARC = YES;
				CLANG_ENABLE_OBJC_WEAK = YES;
				CLANG_WARN_BLOCK_CAPTURE_AUTORELEASING = YES;
				CLANG_WARN_BOOL_CONVERSION = YES;
				CLANG_WARN_COMMA = YES;
				CLANG_WARN_CONSTANT_CONVERSION = YES;
				CLANG_WARN_DEPRECATED_OBJC_IMPLEMENTATIONS = YES;
				CLANG_WARN_DIRECT_OBJC_ISA_USAGE = YES_ERROR;
				CLANG_WARN_DOCUMENTATION_COMMENTS = YES;
				CLANG_WARN_EMPTY_BODY = YES;
				CLANG_WARN_ENUM_CONVERSION = YES;
				CLANG_WARN_INFINITE_RECURSION = YES;
				CLANG_WARN_INT_CONVERSION = YES;
				CLANG_WARN_NON_LITERAL_NULL_CONVERSION = YES;
				CLANG_WARN_OBJC_IMPLICIT_RETAIN_SELF = YES;
				CLANG_WARN_OBJC_LITERAL_CONVERSION = YES;
				CLANG_WARN_OBJC_ROOT_CLASS = YES_ERROR;
				CLANG_WARN_QUOTED_INCLUDE_IN_FRAMEWORK_HEADER = YES;
				CLANG_WARN_RANGE_LOOP_ANALYSIS = YES;
				CLANG_WARN_STRICT_PROTOTYPES = YES;
				CLANG_WARN_SUSPICIOUS_MOVE = YES;
				CLANG_WARN_UNGUARDED_AVAILABILITY = YES_AGGRESSIVE;
				CLANG_WARN_UNREACHABLE_CODE = YES;
				CLANG_WARN__DUPLICATE_METHOD_MATCH = YES;
				COPY_PHASE_STRIP = NO;
				DEBUG_INFORMATION_FORMAT = "dwarf-with-dsym";
				ENABLE_NS_ASSERTIONS = NO;
				ENABLE_STRICT_OBJC_MSGSEND = YES;
				GCC_C_LANGUAGE_STANDARD = gnu11;
				GCC_NO_COMMON_BLOCKS = YES;
				GCC_WARN_64_TO_32_BIT_CONVERSION = YES;
				GCC_WARN_ABOUT_RETURN_TYPE = YES_ERROR;
				GCC_WARN_UNDECLARED_SELECTOR = YES;
				GCC_WARN_UNINITIALIZED_AUTOS = YES_AGGRESSIVE;
				GCC_WARN_UNUSED_FUNCTION = YES;
				GCC_WARN_UNUSED_VARIABLE = YES;
				MACOSX_DEPLOYMENT_TARGET = 10.15;
				MTL_ENABLE_DEBUG_INFO = NO;
				MTL_FAST_MATH = YES;
				SDKROOT = macosx;
				SWIFT_COMPILATION_MODE = wholemodule;
				SWIFT_OPTIMIZATION_LEVEL = "-O";
			};
			name = Release;
		};
		B70F0DA229357CB700F47155 /* Debug */ = {
			isa = XCBuildConfiguration;
			buildSettings = {
				ASSETCATALOG_COMPILER_APPICON_NAME = AppIcon;
				ASSETCATALOG_COMPILER_GLOBAL_ACCENT_COLOR_NAME = AccentColor;
				CODE_SIGN_ENTITLEMENTS = FileAuditSystem/FileAuditSystem.entitlements;
				CODE_SIGN_IDENTITY = "Apple Development";
				CODE_SIGN_STYLE = Automatic;
				COMBINE_HIDPI_IMAGES = YES;
				CURRENT_PROJECT_VERSION = 1;
				DEVELOPMENT_TEAM = P84XC7H67P;
				ENABLE_HARDENED_RUNTIME = YES;
				GENERATE_INFOPLIST_FILE = YES;
				INFOPLIST_KEY_NSHumanReadableCopyright = "";
				INFOPLIST_KEY_NSMainStoryboardFile = Main;
				INFOPLIST_KEY_NSPrincipalClass = NSApplication;
				LD_RUNPATH_SEARCH_PATHS = (
					"$(inherited)",
					"@executable_path/../Frameworks",
				);
				MARKETING_VERSION = 1.0;
				PRODUCT_BUNDLE_IDENTIFIER = com.ds9soft.FileAuditSystem;
				PRODUCT_NAME = "$(TARGET_NAME)";
				PROVISIONING_PROFILE_SPECIFIER = "";
				SWIFT_EMIT_LOC_STRINGS = YES;
				SWIFT_VERSION = 5.0;
			};
			name = Debug;
		};
		B70F0DA329357CB700F47155 /* Release */ = {
			isa = XCBuildConfiguration;
			buildSettings = {
				ASSETCATALOG_COMPILER_APPICON_NAME = AppIcon;
				ASSETCATALOG_COMPILER_GLOBAL_ACCENT_COLOR_NAME = AccentColor;
				CODE_SIGN_ENTITLEMENTS = FileAuditSystem/FileAuditSystem.entitlements;
				CODE_SIGN_IDENTITY = "Apple Development";
				CODE_SIGN_STYLE = Automatic;
				COMBINE_HIDPI_IMAGES = YES;
				CURRENT_PROJECT_VERSION = 1;
				DEVELOPMENT_TEAM = P84XC7H67P;
				ENABLE_HARDENED_RUNTIME = YES;
				GENERATE_INFOPLIST_FILE = YES;
				INFOPLIST_KEY_NSHumanReadableCopyright = "";
				INFOPLIST_KEY_NSMainStoryboardFile = Main;
				INFOPLIST_KEY_NSPrincipalClass = NSApplication;
				LD_RUNPATH_SEARCH_PATHS = (
					"$(inherited)",
					"@executable_path/../Frameworks",
				);
				MARKETING_VERSION = 1.0;
				PRODUCT_BUNDLE_IDENTIFIER = com.ds9soft.FileAuditSystem;
				PRODUCT_NAME = "$(TARGET_NAME)";
				PROVISIONING_PROFILE_SPECIFIER = "";
				SWIFT_EMIT_LOC_STRINGS = YES;
				SWIFT_VERSION = 5.0;
			};
			name = Release;
		};
/* End XCBuildConfiguration section */

/* Begin XCConfigurationList section */
		B70F0D8D29357CB200F47155 /* Build configuration list for PBXProject "FileAuditSystem" */ = {
			isa = XCConfigurationList;
			buildConfigurations = (
				B70F0D9F29357CB700F47155 /* Debug */,
				B70F0DA029357CB700F47155 /* Release */,
			);
			defaultConfigurationIsVisible = 0;
			defaultConfigurationName = Release;
		};
		B70F0DA129357CB700F47155 /* Build configuration list for PBXNativeTarget "FileAuditSystem" */ = {
			isa = XCConfigurationList;
			buildConfigurations = (
				B70F0DA229357CB700F47155 /* Debug */,
				B70F0DA329357CB700F47155 /* Release */,
			);
			defaultConfigurationIsVisible = 0;
			defaultConfigurationName = Release;
		};
/* End XCConfigurationList section */

/* Begin XCSwiftPackageProductDependency section */
		B70F0DA629357D6500F47155 /* AuditCore */ = {
			isa = XCSwiftPackageProductDependency;
			productName = AuditCore;
		};
/* End XCSwiftPackageProductDependency section */
	};
	rootObject = B70F0D8A29357CB200F47155 /* Project object */;
}
